
Microsoft Visual Studio Solution File, Format Version 12.00
# Visual Studio 15
VisualStudioVersion = 15.0.28010.2016
MinimumVisualStudioVersion = 10.0.40219.1
Project("{FAE04EC0-301F-11D3-BF4B-00C04F79EFBC}") = "mapGenerator", "mapGenerator\mapGenerator.csproj", "{5AC09179-B081-4379-B12D-9443C3D53A41}"
EndProject
Global
	GlobalSection(SolutionConfigurationPlatforms) = preSolution
		Debug|Any CPU = Debug|Any CPU
		Release|Any CPU = Release|Any CPU
	EndGlobalSection
	GlobalSection(ProjectConfigurationPlatforms) = postSolution
		{5AC09179-B081-4379-B12D-9443C3D53A41}.Debug|Any CPU.ActiveCfg = Debug|Any CPU
		{5AC09179-B081-4379-B12D-9443C3D53A41}.Debug|Any CPU.Build.0 = Debug|Any CPU
		{5AC09179-B081-4379-B12D-9443C3D53A41}.Release|Any CPU.ActiveCfg = Release|Any CPU
		{5AC09179-B081-4379-B12D-9443C3D53A41}.Release|Any CPU.Build.0 = Release|Any CPU
	EndGlobalSection
	GlobalSection(SolutionProperties) = preSolution
		HideSolutionNode = FALSE
	EndGlobalSection
	GlobalSection(ExtensibilityGlobals) = postSolution
		SolutionGuid = {383F64A7-52B0-4599-A5D4-2281220F0B2C}
	EndGlobalSection
EndGlobal
